github.com/easierway/concurrent_map v1.0.0 h1:0NllRBqMFmz5GIh6QS6zQ3hXoHx9Qg269kxulMQkL/w=
github.com/easierway/concurrent_map v1.0.0/go.mod h1:03wbRB/3rTQV+WtQkl+4IJoKciueQRfKmBcO+agCg6o=
github.com/julienschmidt/httprouter v1.3.0 h1:U0609e9tgbseu3rBINet9P48AI/D3oJs4dN7jwJOQ1U=
github.com/julienschmidt/httprouter v1.3.0/go.mod h1:JR6WtHb+2LUe8TCKY3cZOxFyyO8IZAc4RVcycCCAKdM=
